
Microsoft Visual Studio Solution File, Format Version 12.00
# Visual Studio Version 16
VisualStudioVersion = 16.0.34601.136
MinimumVisualStudioVersion = 10.0.40219.1
Project("{FAE04EC0-301F-11D3-BF4B-00C04F79EFBC}") = "CartridgeManagementSystem", "CartridgeManagementSystem\CartridgeManagementSystem.csproj", "{8E61A4E0-94D7-4027-995C-B48AD9B6B904}"
EndProject
Global
	GlobalSection(SolutionConfigurationPlatforms) = preSolution
		Debug|Any CPU = Debug|Any CPU
		Release|Any CPU = Release|Any CPU
	EndGlobalSection
	GlobalSection(ProjectConfigurationPlatforms) = postSolution
		{8E61A4E0-94D7-4027-995C-B48AD9B6B904}.Debug|Any CPU.ActiveCfg = Debug|Any CPU
		{8E61A4E0-94D7-4027-995C-B48AD9B6B904}.Debug|Any CPU.Build.0 = Debug|Any CPU
		{8E61A4E0-94D7-4027-995C-B48AD9B6B904}.Release|Any CPU.ActiveCfg = Release|Any CPU
		{8E61A4E0-94D7-4027-995C-B48AD9B6B904}.Release|Any CPU.Build.0 = Release|Any CPU
	EndGlobalSection
	GlobalSection(SolutionProperties) = preSolution
		HideSolutionNode = FALSE
	EndGlobalSection
	GlobalSection(ExtensibilityGlobals) = postSolution
		SolutionGuid = {D86B43A1-35CD-44A8-8F6A-60AEA379A92D}
	EndGlobalSection
EndGlobal
